
Microsoft Visual Studio Solution File, Format Version 12.00
# Visual Studio Version 16
VisualStudioVersion = 16.0.29709.97
MinimumVisualStudioVersion = 10.0.40219.1
Project("{FAE04EC0-301F-11D3-BF4B-00C04F79EFBC}") = "GameFruitBasket", "GameFruitBasket\GameFruitBasket.csproj", "{784AFC5F-FF98-476D-A443-5EF457891158}"
EndProject
Global
	GlobalSection(SolutionConfigurationPlatforms) = preSolution
		Debug|Any CPU = Debug|Any CPU
		Release|Any CPU = Release|Any CPU
	EndGlobalSection
	GlobalSection(ProjectConfigurationPlatforms) = postSolution
		{784AFC5F-FF98-476D-A443-5EF457891158}.Debug|Any CPU.ActiveCfg = Debug|Any CPU
		{784AFC5F-FF98-476D-A443-5EF457891158}.Debug|Any CPU.Build.0 = Debug|Any CPU
		{784AFC5F-FF98-476D-A443-5EF457891158}.Release|Any CPU.ActiveCfg = Release|Any CPU
		{784AFC5F-FF98-476D-A443-5EF457891158}.Release|Any CPU.Build.0 = Release|Any CPU
	EndGlobalSection
	GlobalSection(SolutionProperties) = preSolution
		HideSolutionNode = FALSE
	EndGlobalSection
	GlobalSection(ExtensibilityGlobals) = postSolution
		SolutionGuid = {D268760E-E522-48E1-8621-5D08D99C6E0A}
	EndGlobalSection
EndGlobal
