
Microsoft Visual Studio Solution File, Format Version 12.00
# Visual Studio Version 16
VisualStudioVersion = 16.0.29709.97
MinimumVisualStudioVersion = 10.0.40219.1
Project("{FAE04EC0-301F-11D3-BF4B-00C04F79EFBC}") = "NewGame", "NewGame\NewGame.csproj", "{F682EF9F-1A22-4BE5-8911-AA4243ACEAD3}"
EndProject
Global
	GlobalSection(SolutionConfigurationPlatforms) = preSolution
		Debug|Any CPU = Debug|Any CPU
		Release|Any CPU = Release|Any CPU
	EndGlobalSection
	GlobalSection(ProjectConfigurationPlatforms) = postSolution
		{F682EF9F-1A22-4BE5-8911-AA4243ACEAD3}.Debug|Any CPU.ActiveCfg = Debug|Any CPU
		{F682EF9F-1A22-4BE5-8911-AA4243ACEAD3}.Debug|Any CPU.Build.0 = Debug|Any CPU
		{F682EF9F-1A22-4BE5-8911-AA4243ACEAD3}.Release|Any CPU.ActiveCfg = Release|Any CPU
		{F682EF9F-1A22-4BE5-8911-AA4243ACEAD3}.Release|Any CPU.Build.0 = Release|Any CPU
	EndGlobalSection
	GlobalSection(SolutionProperties) = preSolution
		HideSolutionNode = FALSE
	EndGlobalSection
	GlobalSection(ExtensibilityGlobals) = postSolution
		SolutionGuid = {23C60898-E6E5-48A8-A09C-93EE1E085EEF}
	EndGlobalSection
EndGlobal
